
Microsoft Visual Studio Solution File, Format Version 12.00
# Visual Studio 2012
Project("{FAE04EC0-301F-11D3-BF4B-00C04F79EFBC}") = "GGApps", "GGApps\GGApps.csproj", "{BEB14E72-67E4-410C-8F62-F45E188D7A8F}"
EndProject
Project("{FAE04EC0-301F-11D3-BF4B-00C04F79EFBC}") = "RefreshVersionsFiles", "RefreshVersionsFiles\RefreshVersionsFiles.csproj", "{29C6D06E-603C-4721-86D7-ADE7A1A8DDFD}"
EndProject
Global
	GlobalSection(SolutionConfigurationPlatforms) = preSolution
		Debug|Any CPU = Debug|Any CPU
		Debug|x86 = Debug|x86
		Release|Any CPU = Release|Any CPU
		Release|x86 = Release|x86
	EndGlobalSection
	GlobalSection(ProjectConfigurationPlatforms) = postSolution
		{BEB14E72-67E4-410C-8F62-F45E188D7A8F}.Debug|Any CPU.ActiveCfg = Debug|Any CPU
		{BEB14E72-67E4-410C-8F62-F45E188D7A8F}.Debug|Any CPU.Build.0 = Debug|Any CPU
		{BEB14E72-67E4-410C-8F62-F45E188D7A8F}.Debug|x86.ActiveCfg = Debug|x86
		{BEB14E72-67E4-410C-8F62-F45E188D7A8F}.Debug|x86.Build.0 = Debug|x86
		{BEB14E72-67E4-410C-8F62-F45E188D7A8F}.Release|Any CPU.ActiveCfg = Release|Any CPU
		{BEB14E72-67E4-410C-8F62-F45E188D7A8F}.Release|Any CPU.Build.0 = Release|Any CPU
		{BEB14E72-67E4-410C-8F62-F45E188D7A8F}.Release|x86.ActiveCfg = Release|Any CPU
		{BEB14E72-67E4-410C-8F62-F45E188D7A8F}.Release|x86.Build.0 = Release|Any CPU
		{29C6D06E-603C-4721-86D7-ADE7A1A8DDFD}.Debug|Any CPU.ActiveCfg = Debug|Any CPU
		{29C6D06E-603C-4721-86D7-ADE7A1A8DDFD}.Debug|Any CPU.Build.0 = Debug|Any CPU
		{29C6D06E-603C-4721-86D7-ADE7A1A8DDFD}.Debug|x86.ActiveCfg = Debug|Any CPU
		{29C6D06E-603C-4721-86D7-ADE7A1A8DDFD}.Release|Any CPU.ActiveCfg = Release|Any CPU
		{29C6D06E-603C-4721-86D7-ADE7A1A8DDFD}.Release|Any CPU.Build.0 = Release|Any CPU
		{29C6D06E-603C-4721-86D7-ADE7A1A8DDFD}.Release|x86.ActiveCfg = Release|Any CPU
	EndGlobalSection
	GlobalSection(SolutionProperties) = preSolution
		HideSolutionNode = FALSE
	EndGlobalSection
EndGlobal
